{
  "name": "admin-api",
  "version": "1.0.0",
  "lockfileVersion": 2,
  "requires": true,
  "packages": {
    "": {
      "name": "admin-api",
      "version": "1.0.0",
      "license": "ISC",
      "dependencies": {
        "dayjs": "^1.11.9",
        "db": "file:../../../common/db"
      }
    },
    "../../../common/db": {
      "version": "1.0.0",
      "license": "ISC",
      "dependencies": {
        "aws-sdk": "^2.929.0",
        "util": "^0.12.4"
      },
      "devDependencies": {
        "@babel/plugin-transform-regenerator": "^7.16.5",
        "@babel/plugin-transform-runtime": "^7.16.5",
        "@babel/preset-env": "^7.16.5"
      }
    },
    "node_modules/dayjs": {
      "version": "1.11.9",
      "resolved": "https://registry.npmjs.org/dayjs/-/dayjs-1.11.9.tgz",
      "integrity": "sha512-QvzAURSbQ0pKdIye2txOzNaHmxtUBXerpY0FJsFXUMKbIZeFm5ht1LS/jFsrncjnmtv8HsG0W2g6c0zUjZWmpA=="
    },
    "node_modules/db": {
      "resolved": "../../../common/db",
      "link": true
    }
  },
  "dependencies": {
    "dayjs": {
      "version": "1.11.9",
      "resolved": "https://registry.npmjs.org/dayjs/-/dayjs-1.11.9.tgz",
      "integrity": "sha512-QvzAURSbQ0pKdIye2txOzNaHmxtUBXerpY0FJsFXUMKbIZeFm5ht1LS/jFsrncjnmtv8HsG0W2g6c0zUjZWmpA=="
    },
    "db": {
      "version": "file:../../../common/db",
      "requires": {
        "@babel/plugin-transform-regenerator": "^7.16.5",
        "@babel/plugin-transform-runtime": "^7.16.5",
        "@babel/preset-env": "^7.16.5",
        "aws-sdk": "^2.929.0",
        "util": "^0.12.4"
      }
    }
  }
}
